{
  "name": "@jsoldi/seq",
  "version": "1.0.3",
  "lockfileVersion": 3,
  "requires": true,
  "packages": {
    "": {
      "name": "@jsoldi/seq",
      "version": "1.0.3",
      "license": "ISC",
      "dependencies": {
        "@jsoldi/hkt": "^1.2.7",
        "xmldom-qsa": "^1.1.3"
      }
    },
    "node_modules/@jsoldi/hkt": {
      "version": "1.2.7",
      "resolved": "https://npm.pkg.github.com/download/@jsoldi/hkt/1.2.7/41d1945a8fb299ad11538a074cae4efd4897b278",
      "integrity": "sha512-wrgC3eB0KC0+OZghlzDLE6xVAWcmC92Ywji0fS9aXbwB57btbRtEC/bx0F6TEQ6XR8F5XtsiHMaBNNWF5w0dCQ==",
      "license": "ISC"
    },
    "node_modules/xmldom-qsa": {
      "version": "1.1.3",
      "resolved": "https://registry.npmjs.org/xmldom-qsa/-/xmldom-qsa-1.1.3.tgz",
      "integrity": "sha512-IJBOczBpAYrIBJFFsmCBwfBhwe4zdMR3Xz0ZBX0OFtgO49rLy/BWbhkegOwsthdBWb1gUtFK6ZZnGdT8ZqPRBA==",
      "engines": {
        "node": ">=8.0.0"
      }
    }
  }
}
